
Microsoft Visual Studio Solution File, Format Version 12.00
# Visual Studio Version 16
VisualStudioVersion = 16.0.29218.8
MinimumVisualStudioVersion = 10.0.40219.1
Project("{9A19103F-16F7-4668-BE54-9A1E7A4F7556}") = "EdmxDotNetCoreApp", "EdmxDotNetCoreApp\EdmxDotNetCoreApp.csproj", "{F930C7C8-2C66-4938-AD31-C80CF4C7BF3D}"
EndProject
Project("{FAE04EC0-301F-11D3-BF4B-00C04F79EFBC}") = "EdmxDesignHost", "EdmxDesignHost\EdmxDesignHost.csproj", "{35174D51-AF4E-42E3-AE51-23ADFA811065}"
EndProject
Global
	GlobalSection(SolutionConfigurationPlatforms) = preSolution
		Debug|Any CPU = Debug|Any CPU
		Release|Any CPU = Release|Any CPU
	EndGlobalSection
	GlobalSection(ProjectConfigurationPlatforms) = postSolution
		{F930C7C8-2C66-4938-AD31-C80CF4C7BF3D}.Debug|Any CPU.ActiveCfg = Debug|Any CPU
		{F930C7C8-2C66-4938-AD31-C80CF4C7BF3D}.Debug|Any CPU.Build.0 = Debug|Any CPU
		{F930C7C8-2C66-4938-AD31-C80CF4C7BF3D}.Release|Any CPU.ActiveCfg = Release|Any CPU
		{F930C7C8-2C66-4938-AD31-C80CF4C7BF3D}.Release|Any CPU.Build.0 = Release|Any CPU
		{35174D51-AF4E-42E3-AE51-23ADFA811065}.Debug|Any CPU.ActiveCfg = Debug|Any CPU
		{35174D51-AF4E-42E3-AE51-23ADFA811065}.Debug|Any CPU.Build.0 = Debug|Any CPU
		{35174D51-AF4E-42E3-AE51-23ADFA811065}.Release|Any CPU.ActiveCfg = Release|Any CPU
		{35174D51-AF4E-42E3-AE51-23ADFA811065}.Release|Any CPU.Build.0 = Release|Any CPU
	EndGlobalSection
	GlobalSection(SolutionProperties) = preSolution
		HideSolutionNode = FALSE
	EndGlobalSection
	GlobalSection(ExtensibilityGlobals) = postSolution
		SolutionGuid = {0EAAC430-C841-440E-AE5F-E77468E47353}
	EndGlobalSection
EndGlobal
